
Microsoft Visual Studio Solution File, Format Version 12.00
# Visual Studio Version 16
VisualStudioVersion = 16.0.30011.22
MinimumVisualStudioVersion = 10.0.40219.1
Project("{FAE04EC0-301F-11D3-BF4B-00C04F79EFBC}") = "zad2", "zad2\zad2.csproj", "{ADDC26E8-AAF0-4560-8F3A-C33BBA3E9591}"
EndProject
Global
	GlobalSection(SolutionConfigurationPlatforms) = preSolution
		Debug|Any CPU = Debug|Any CPU
		Release|Any CPU = Release|Any CPU
	EndGlobalSection
	GlobalSection(ProjectConfigurationPlatforms) = postSolution
		{ADDC26E8-AAF0-4560-8F3A-C33BBA3E9591}.Debug|Any CPU.ActiveCfg = Debug|Any CPU
		{ADDC26E8-AAF0-4560-8F3A-C33BBA3E9591}.Debug|Any CPU.Build.0 = Debug|Any CPU
		{ADDC26E8-AAF0-4560-8F3A-C33BBA3E9591}.Release|Any CPU.ActiveCfg = Release|Any CPU
		{ADDC26E8-AAF0-4560-8F3A-C33BBA3E9591}.Release|Any CPU.Build.0 = Release|Any CPU
	EndGlobalSection
	GlobalSection(SolutionProperties) = preSolution
		HideSolutionNode = FALSE
	EndGlobalSection
	GlobalSection(ExtensibilityGlobals) = postSolution
		SolutionGuid = {6B908A1E-9A3B-4049-9926-00D0C22560E4}
	EndGlobalSection
EndGlobal
