
Microsoft Visual Studio Solution File, Format Version 12.00
# Visual Studio Version 16
VisualStudioVersion = 16.0.30011.22
MinimumVisualStudioVersion = 10.0.40219.1
Project("{FAE04EC0-301F-11D3-BF4B-00C04F79EFBC}") = "zad4", "zad4\zad4.csproj", "{9DB60B4A-3DBC-4831-B370-07E293C219EE}"
EndProject
Global
	GlobalSection(SolutionConfigurationPlatforms) = preSolution
		Debug|Any CPU = Debug|Any CPU
		Release|Any CPU = Release|Any CPU
	EndGlobalSection
	GlobalSection(ProjectConfigurationPlatforms) = postSolution
		{9DB60B4A-3DBC-4831-B370-07E293C219EE}.Debug|Any CPU.ActiveCfg = Debug|Any CPU
		{9DB60B4A-3DBC-4831-B370-07E293C219EE}.Debug|Any CPU.Build.0 = Debug|Any CPU
		{9DB60B4A-3DBC-4831-B370-07E293C219EE}.Release|Any CPU.ActiveCfg = Release|Any CPU
		{9DB60B4A-3DBC-4831-B370-07E293C219EE}.Release|Any CPU.Build.0 = Release|Any CPU
	EndGlobalSection
	GlobalSection(SolutionProperties) = preSolution
		HideSolutionNode = FALSE
	EndGlobalSection
	GlobalSection(ExtensibilityGlobals) = postSolution
		SolutionGuid = {C8967411-75CC-4BA6-98E7-FD6DC5F90B54}
	EndGlobalSection
EndGlobal
